
Microsoft Visual Studio Solution File, Format Version 12.00
# Visual Studio Version 17
VisualStudioVersion = 17.8.34330.188
MinimumVisualStudioVersion = 10.0.40219.1
Project("{FAE04EC0-301F-11D3-BF4B-00C04F79EFBC}") = "Auth", "Auth\Auth.csproj", "{C7226446-B1BA-4E81-8C32-3DB394434DBF}"
EndProject
Project("{FAE04EC0-301F-11D3-BF4B-00C04F79EFBC}") = "Auth.Infrastructure", "Auth.Infrastructure\Auth.Infrastructure.csproj", "{6E29B6CD-5CCD-4B40-98C9-706C5FF94B29}"
EndProject
Project("{FAE04EC0-301F-11D3-BF4B-00C04F79EFBC}") = "Auth.Application", "Auth.Application\Auth.Application.csproj", "{05515B7A-9E3F-4B52-BF32-2FBA84D47A80}"
EndProject
Global
	GlobalSection(SolutionConfigurationPlatforms) = preSolution
		Debug|Any CPU = Debug|Any CPU
		Release|Any CPU = Release|Any CPU
	EndGlobalSection
	GlobalSection(ProjectConfigurationPlatforms) = postSolution
		{C7226446-B1BA-4E81-8C32-3DB394434DBF}.Debug|Any CPU.ActiveCfg = Debug|Any CPU
		{C7226446-B1BA-4E81-8C32-3DB394434DBF}.Debug|Any CPU.Build.0 = Debug|Any CPU
		{C7226446-B1BA-4E81-8C32-3DB394434DBF}.Release|Any CPU.ActiveCfg = Release|Any CPU
		{C7226446-B1BA-4E81-8C32-3DB394434DBF}.Release|Any CPU.Build.0 = Release|Any CPU
		{6E29B6CD-5CCD-4B40-98C9-706C5FF94B29}.Debug|Any CPU.ActiveCfg = Debug|Any CPU
		{6E29B6CD-5CCD-4B40-98C9-706C5FF94B29}.Debug|Any CPU.Build.0 = Debug|Any CPU
		{6E29B6CD-5CCD-4B40-98C9-706C5FF94B29}.Release|Any CPU.ActiveCfg = Release|Any CPU
		{6E29B6CD-5CCD-4B40-98C9-706C5FF94B29}.Release|Any CPU.Build.0 = Release|Any CPU
		{05515B7A-9E3F-4B52-BF32-2FBA84D47A80}.Debug|Any CPU.ActiveCfg = Debug|Any CPU
		{05515B7A-9E3F-4B52-BF32-2FBA84D47A80}.Debug|Any CPU.Build.0 = Debug|Any CPU
		{05515B7A-9E3F-4B52-BF32-2FBA84D47A80}.Release|Any CPU.ActiveCfg = Release|Any CPU
		{05515B7A-9E3F-4B52-BF32-2FBA84D47A80}.Release|Any CPU.Build.0 = Release|Any CPU
	EndGlobalSection
	GlobalSection(SolutionProperties) = preSolution
		HideSolutionNode = FALSE
	EndGlobalSection
	GlobalSection(ExtensibilityGlobals) = postSolution
		SolutionGuid = {43CE2402-BB09-4A88-BAA9-10D7D5AC3EC8}
	EndGlobalSection
EndGlobal
